
Microsoft Visual Studio Solution File, Format Version 12.00
# Visual Studio 2013
VisualStudioVersion = 12.0.21005.1
MinimumVisualStudioVersion = 10.0.40219.1
Project("{FAE04EC0-301F-11D3-BF4B-00C04F79EFBC}") = "LoremIpsumPage", "LoremIpsumPage\LoremIpsumPage.csproj", "{F481484E-76CC-42A3-B9C9-C8971061CDD8}"
EndProject
Project("{FAE04EC0-301F-11D3-BF4B-00C04F79EFBC}") = "ForumPosts", "ForumPosts\ForumPosts.csproj", "{7A3ECFD7-5F99-4543-883F-56A1DCA1685D}"
EndProject
Project("{FAE04EC0-301F-11D3-BF4B-00C04F79EFBC}") = "NestedDivs", "NestedDivs\NestedDivs.csproj", "{B8AAAD4A-1CDB-46B5-B56B-9B12F0C6F9C7}"
EndProject
Project("{FAE04EC0-301F-11D3-BF4B-00C04F79EFBC}") = "Calculator", "Calculator\Calculator.csproj", "{1BF8BAE3-42FF-4A9F-9940-FADD8E343189}"
EndProject
Global
	GlobalSection(SolutionConfigurationPlatforms) = preSolution
		Debug|Any CPU = Debug|Any CPU
		Release|Any CPU = Release|Any CPU
	EndGlobalSection
	GlobalSection(ProjectConfigurationPlatforms) = postSolution
		{F481484E-76CC-42A3-B9C9-C8971061CDD8}.Debug|Any CPU.ActiveCfg = Debug|Any CPU
		{F481484E-76CC-42A3-B9C9-C8971061CDD8}.Debug|Any CPU.Build.0 = Debug|Any CPU
		{F481484E-76CC-42A3-B9C9-C8971061CDD8}.Release|Any CPU.ActiveCfg = Release|Any CPU
		{F481484E-76CC-42A3-B9C9-C8971061CDD8}.Release|Any CPU.Build.0 = Release|Any CPU
		{7A3ECFD7-5F99-4543-883F-56A1DCA1685D}.Debug|Any CPU.ActiveCfg = Debug|Any CPU
		{7A3ECFD7-5F99-4543-883F-56A1DCA1685D}.Debug|Any CPU.Build.0 = Debug|Any CPU
		{7A3ECFD7-5F99-4543-883F-56A1DCA1685D}.Release|Any CPU.ActiveCfg = Release|Any CPU
		{7A3ECFD7-5F99-4543-883F-56A1DCA1685D}.Release|Any CPU.Build.0 = Release|Any CPU
		{B8AAAD4A-1CDB-46B5-B56B-9B12F0C6F9C7}.Debug|Any CPU.ActiveCfg = Debug|Any CPU
		{B8AAAD4A-1CDB-46B5-B56B-9B12F0C6F9C7}.Debug|Any CPU.Build.0 = Debug|Any CPU
		{B8AAAD4A-1CDB-46B5-B56B-9B12F0C6F9C7}.Release|Any CPU.ActiveCfg = Release|Any CPU
		{B8AAAD4A-1CDB-46B5-B56B-9B12F0C6F9C7}.Release|Any CPU.Build.0 = Release|Any CPU
		{1BF8BAE3-42FF-4A9F-9940-FADD8E343189}.Debug|Any CPU.ActiveCfg = Debug|Any CPU
		{1BF8BAE3-42FF-4A9F-9940-FADD8E343189}.Debug|Any CPU.Build.0 = Debug|Any CPU
		{1BF8BAE3-42FF-4A9F-9940-FADD8E343189}.Release|Any CPU.ActiveCfg = Release|Any CPU
		{1BF8BAE3-42FF-4A9F-9940-FADD8E343189}.Release|Any CPU.Build.0 = Release|Any CPU
	EndGlobalSection
	GlobalSection(SolutionProperties) = preSolution
		HideSolutionNode = FALSE
	EndGlobalSection
EndGlobal
